Microsoft Visual Studio Solution File, Format Version 12.00
# Visual Studio Version 16
VisualStudioVersion = 16.0.31624.102
MinimumVisualStudioVersion = 10.0.40219.1
Project("{9A19103F-16F7-4668-BE54-9A1E7A4F7556}") = "AmnabiFlags", "Amnabi\AmnabiFlags.csproj", "{4CE334B9-99BB-4840-ACD3-599F1FF315AB}"
EndProject
Global
	GlobalSection(SolutionConfigurationPlatforms) = preSolution
		Debug|Any CPU = Debug|Any CPU
		Release|Any CPU = Release|Any CPU
	EndGlobalSection
	GlobalSection(ProjectConfigurationPlatforms) = postSolution
		{4CE334B9-99BB-4840-ACD3-599F1FF315AB}.Debug|Any CPU.ActiveCfg = Debug|Any CPU
		{4CE334B9-99BB-4840-ACD3-599F1FF315AB}.Debug|Any CPU.Build.0 = Debug|Any CPU
		{4CE334B9-99BB-4840-ACD3-599F1FF315AB}.Release|Any CPU.ActiveCfg = Release|Any CPU
		{4CE334B9-99BB-4840-ACD3-599F1FF315AB}.Release|Any CPU.Build.0 = Release|Any CPU
	EndGlobalSection
	GlobalSection(SolutionProperties) = preSolution
		HideSolutionNode = FALSE
	EndGlobalSection
	GlobalSection(ExtensibilityGlobals) = postSolution
		SolutionGuid = {fd403a17-a48e-47f6-b8e7-82f8ebdc0993}
	EndGlobalSection
EndGlobal
